
Microsoft Visual Studio Solution File, Format Version 12.00
# Visual Studio Version 17
VisualStudioVersion = 17.13.35617.110
MinimumVisualStudioVersion = 10.0.40219.1
Project("{FAE04EC0-301F-11D3-BF4B-00C04F79EFBC}") = "BeneficioContribuinte", "BeneficioContribuinte.csproj", "{6F553A97-2DDD-49F6-9020-7B9C645F02A0}"
EndProject
Global
	GlobalSection(SolutionConfigurationPlatforms) = preSolution
		Debug|Any CPU = Debug|Any CPU
		Release|Any CPU = Release|Any CPU
	EndGlobalSection
	GlobalSection(ProjectConfigurationPlatforms) = postSolution
		{6F553A97-2DDD-49F6-9020-7B9C645F02A0}.Debug|Any CPU.ActiveCfg = Debug|Any CPU
		{6F553A97-2DDD-49F6-9020-7B9C645F02A0}.Debug|Any CPU.Build.0 = Debug|Any CPU
		{6F553A97-2DDD-49F6-9020-7B9C645F02A0}.Release|Any CPU.ActiveCfg = Release|Any CPU
		{6F553A97-2DDD-49F6-9020-7B9C645F02A0}.Release|Any CPU.Build.0 = Release|Any CPU
	EndGlobalSection
	GlobalSection(SolutionProperties) = preSolution
		HideSolutionNode = FALSE
	EndGlobalSection
	GlobalSection(ExtensibilityGlobals) = postSolution
		SolutionGuid = {F25806E8-1596-4FB5-B207-4642C6303CF3}
	EndGlobalSection
EndGlobal
